
Microsoft Visual Studio Solution File, Format Version 12.00
# Visual Studio Version 17
VisualStudioVersion = 17.3.32922.545
MinimumVisualStudioVersion = 10.0.40219.1
Project("{9A19103F-16F7-4668-BE54-9A1E7A4F7556}") = "SuggestionAppUI", "SuggestionAppUI\SuggestionAppUI.csproj", "{560D7503-4612-4B24-8B56-4C1C70DB519E}"
EndProject
Project("{9A19103F-16F7-4668-BE54-9A1E7A4F7556}") = "SuggestionAppLibrary", "SuggestionAppLibrary\SuggestionAppLibrary.csproj", "{21DA13F4-98B9-48A7-96DD-EB285D18A676}"
EndProject
Project("{2150E333-8FDC-42A3-9474-1A3956D46DE8}") = "Solution Items", "Solution Items", "{472EDAA3-1957-4CBE-96F7-DB00AF51D2E5}"
	ProjectSection(SolutionItems) = preProject
		.editorconfig = .editorconfig
	EndProjectSection
EndProject
Global
	GlobalSection(SolutionConfigurationPlatforms) = preSolution
		Debug|Any CPU = Debug|Any CPU
		Release|Any CPU = Release|Any CPU
	EndGlobalSection
	GlobalSection(ProjectConfigurationPlatforms) = postSolution
		{560D7503-4612-4B24-8B56-4C1C70DB519E}.Debug|Any CPU.ActiveCfg = Debug|Any CPU
		{560D7503-4612-4B24-8B56-4C1C70DB519E}.Debug|Any CPU.Build.0 = Debug|Any CPU
		{560D7503-4612-4B24-8B56-4C1C70DB519E}.Release|Any CPU.ActiveCfg = Release|Any CPU
		{560D7503-4612-4B24-8B56-4C1C70DB519E}.Release|Any CPU.Build.0 = Release|Any CPU
		{21DA13F4-98B9-48A7-96DD-EB285D18A676}.Debug|Any CPU.ActiveCfg = Debug|Any CPU
		{21DA13F4-98B9-48A7-96DD-EB285D18A676}.Debug|Any CPU.Build.0 = Debug|Any CPU
		{21DA13F4-98B9-48A7-96DD-EB285D18A676}.Release|Any CPU.ActiveCfg = Release|Any CPU
		{21DA13F4-98B9-48A7-96DD-EB285D18A676}.Release|Any CPU.Build.0 = Release|Any CPU
	EndGlobalSection
	GlobalSection(SolutionProperties) = preSolution
		HideSolutionNode = FALSE
	EndGlobalSection
	GlobalSection(ExtensibilityGlobals) = postSolution
		SolutionGuid = {B90F177B-5480-46A4-B020-1B3003409D74}
	EndGlobalSection
EndGlobal
